
Microsoft Visual Studio Solution File, Format Version 12.00
# Visual Studio 15
VisualStudioVersion = 15.0.28307.168
MinimumVisualStudioVersion = 10.0.40219.1
Project("{FAE04EC0-301F-11D3-BF4B-00C04F79EFBC}") = "AliEMASTest.Android", "AliEMASTest\AliEMASTest.Android\AliEMASTest.Android.csproj", "{8B6E0268-BB75-49FF-96E7-AA260DD7890B}"
EndProject
Project("{FAE04EC0-301F-11D3-BF4B-00C04F79EFBC}") = "AliEMASTest.iOS", "AliEMASTest\AliEMASTest.iOS\AliEMASTest.iOS.csproj", "{D5552432-EADC-4810-BDF5-53FC97D9469D}"
EndProject
Project("{9A19103F-16F7-4668-BE54-9A1E7A4F7556}") = "AliEMASTest", "AliEMASTest\AliEMASTest\AliEMASTest.csproj", "{E5ECDEC0-5723-40CD-9601-A61C684DE5CF}"
EndProject
Project("{2150E333-8FDC-42A3-9474-1A3956D46DE8}") = "AliEMASBinding", "AliEMASBinding", "{4AA5AD8E-F333-4336-BC5F-135712FB816B}"
EndProject
Project("{FAE04EC0-301F-11D3-BF4B-00C04F79EFBC}") = "AliEMAS.Binding.Droid", "..\AliEMASBinding\AliEMAS.Binding.Droid\AliEMAS.Binding.Droid.csproj", "{71C0EDA9-925D-4BFF-AF2A-B07D889B0305}"
EndProject
Project("{FAE04EC0-301F-11D3-BF4B-00C04F79EFBC}") = "AliEMAS.Binding.iOS", "..\AliEMASBinding\AliEMAS.Binding.iOS\AliEMAS.Binding.iOS.csproj", "{0DBD983F-BD8F-4BD6-B08A-AD28457D35EF}"
EndProject
Project("{9A19103F-16F7-4668-BE54-9A1E7A4F7556}") = "AliEMAS", "..\AliEMASBinding\AliEMAS\AliEMAS.csproj", "{1CAA9EF7-676F-464C-B8C9-337CC684FE8C}"
EndProject
Project("{FAE04EC0-301F-11D3-BF4B-00C04F79EFBC}") = "AliEMAS.Droid", "..\AliEMASBinding\AliEMAS.Droid\AliEMAS.Droid.csproj", "{45E5828D-7EB0-4244-84B6-3A2748ABA5C6}"
EndProject
Global
	GlobalSection(SolutionConfigurationPlatforms) = preSolution
		Ad-Hoc|Any CPU = Ad-Hoc|Any CPU
		Ad-Hoc|iPhone = Ad-Hoc|iPhone
		Ad-Hoc|iPhoneSimulator = Ad-Hoc|iPhoneSimulator
		AppStore|Any CPU = AppStore|Any CPU
		AppStore|iPhone = AppStore|iPhone
		AppStore|iPhoneSimulator = AppStore|iPhoneSimulator
		Debug|Any CPU = Debug|Any CPU
		Debug|iPhone = Debug|iPhone
		Debug|iPhoneSimulator = Debug|iPhoneSimulator
		Release|Any CPU = Release|Any CPU
		Release|iPhone = Release|iPhone
		Release|iPhoneSimulator = Release|iPhoneSimulator
	EndGlobalSection
	GlobalSection(ProjectConfigurationPlatforms) = postSolution
		{8B6E0268-BB75-49FF-96E7-AA260DD7890B}.Ad-Hoc|Any CPU.ActiveCfg = Release|Any CPU
		{8B6E0268-BB75-49FF-96E7-AA260DD7890B}.Ad-Hoc|Any CPU.Build.0 = Release|Any CPU
		{8B6E0268-BB75-49FF-96E7-AA260DD7890B}.Ad-Hoc|Any CPU.Deploy.0 = Release|Any CPU
		{8B6E0268-BB75-49FF-96E7-AA260DD7890B}.Ad-Hoc|iPhone.ActiveCfg = Release|Any CPU
		{8B6E0268-BB75-49FF-96E7-AA260DD7890B}.Ad-Hoc|iPhone.Build.0 = Release|Any CPU
		{8B6E0268-BB75-49FF-96E7-AA260DD7890B}.Ad-Hoc|iPhone.Deploy.0 = Release|Any CPU
		{8B6E0268-BB75-49FF-96E7-AA260DD7890B}.Ad-Hoc|iPhoneSimulator.ActiveCfg = Release|Any CPU
		{8B6E0268-BB75-49FF-96E7-AA260DD7890B}.Ad-Hoc|iPhoneSimulator.Build.0 = Release|Any CPU
		{8B6E0268-BB75-49FF-96E7-AA260DD7890B}.Ad-Hoc|iPhoneSimulator.Deploy.0 = Release|Any CPU
		{8B6E0268-BB75-49FF-96E7-AA260DD7890B}.AppStore|Any CPU.ActiveCfg = Release|Any CPU
		{8B6E0268-BB75-49FF-96E7-AA260DD7890B}.AppStore|Any CPU.Build.0 = Release|Any CPU
		{8B6E0268-BB75-49FF-96E7-AA260DD7890B}.AppStore|Any CPU.Deploy.0 = Release|Any CPU
		{8B6E0268-BB75-49FF-96E7-AA260DD7890B}.AppStore|iPhone.ActiveCfg = Release|Any CPU
		{8B6E0268-BB75-49FF-96E7-AA260DD7890B}.AppStore|iPhone.Build.0 = Release|Any CPU
		{8B6E0268-BB75-49FF-96E7-AA260DD7890B}.AppStore|iPhone.Deploy.0 = Release|Any CPU
		{8B6E0268-BB75-49FF-96E7-AA260DD7890B}.AppStore|iPhoneSimulator.ActiveCfg = Release|Any CPU
		{8B6E0268-BB75-49FF-96E7-AA260DD7890B}.AppStore|iPhoneSimulator.Build.0 = Release|Any CPU
		{8B6E0268-BB75-49FF-96E7-AA260DD7890B}.AppStore|iPhoneSimulator.Deploy.0 = Release|Any CPU
		{8B6E0268-BB75-49FF-96E7-AA260DD7890B}.Debug|Any CPU.ActiveCfg = Debug|Any CPU
		{8B6E0268-BB75-49FF-96E7-AA260DD7890B}.Debug|Any CPU.Build.0 = Debug|Any CPU
		{8B6E0268-BB75-49FF-96E7-AA260DD7890B}.Debug|Any CPU.Deploy.0 = Debug|Any CPU
		{8B6E0268-BB75-49FF-96E7-AA260DD7890B}.Debug|iPhone.ActiveCfg = Debug|Any CPU
		{8B6E0268-BB75-49FF-96E7-AA260DD7890B}.Debug|iPhone.Build.0 = Debug|Any CPU
		{8B6E0268-BB75-49FF-96E7-AA260DD7890B}.Debug|iPhone.Deploy.0 = Debug|Any CPU
		{8B6E0268-BB75-49FF-96E7-AA260DD7890B}.Debug|iPhoneSimulator.ActiveCfg = Debug|Any CPU
		{8B6E0268-BB75-49FF-96E7-AA260DD7890B}.Debug|iPhoneSimulator.Build.0 = Debug|Any CPU
		{8B6E0268-BB75-49FF-96E7-AA260DD7890B}.Debug|iPhoneSimulator.Deploy.0 = Debug|Any CPU
		{8B6E0268-BB75-49FF-96E7-AA260DD7890B}.Release|Any CPU.ActiveCfg = Release|Any CPU
		{8B6E0268-BB75-49FF-96E7-AA260DD7890B}.Release|Any CPU.Build.0 = Release|Any CPU
		{8B6E0268-BB75-49FF-96E7-AA260DD7890B}.Release|Any CPU.Deploy.0 = Release|Any CPU
		{8B6E0268-BB75-49FF-96E7-AA260DD7890B}.Release|iPhone.ActiveCfg = Release|Any CPU
		{8B6E0268-BB75-49FF-96E7-AA260DD7890B}.Release|iPhone.Build.0 = Release|Any CPU
		{8B6E0268-BB75-49FF-96E7-AA260DD7890B}.Release|iPhone.Deploy.0 = Release|Any CPU
		{8B6E0268-BB75-49FF-96E7-AA260DD7890B}.Release|iPhoneSimulator.ActiveCfg = Release|Any CPU
		{8B6E0268-BB75-49FF-96E7-AA260DD7890B}.Release|iPhoneSimulator.Build.0 = Release|Any CPU
		{8B6E0268-BB75-49FF-96E7-AA260DD7890B}.Release|iPhoneSimulator.Deploy.0 = Release|Any CPU
		{D5552432-EADC-4810-BDF5-53FC97D9469D}.Ad-Hoc|Any CPU.ActiveCfg = Ad-Hoc|iPhone
		{D5552432-EADC-4810-BDF5-53FC97D9469D}.Ad-Hoc|Any CPU.Build.0 = Ad-Hoc|iPhone
		{D5552432-EADC-4810-BDF5-53FC97D9469D}.Ad-Hoc|Any CPU.Deploy.0 = Ad-Hoc|iPhone
		{D5552432-EADC-4810-BDF5-53FC97D9469D}.Ad-Hoc|iPhone.ActiveCfg = Ad-Hoc|iPhone
		{D5552432-EADC-4810-BDF5-53FC97D9469D}.Ad-Hoc|iPhone.Build.0 = Ad-Hoc|iPhone
		{D5552432-EADC-4810-BDF5-53FC97D9469D}.Ad-Hoc|iPhone.Deploy.0 = Ad-Hoc|iPhone
		{D5552432-EADC-4810-BDF5-53FC97D9469D}.Ad-Hoc|iPhoneSimulator.ActiveCfg = Ad-Hoc|iPhoneSimulator
		{D5552432-EADC-4810-BDF5-53FC97D9469D}.Ad-Hoc|iPhoneSimulator.Build.0 = Ad-Hoc|iPhoneSimulator
		{D5552432-EADC-4810-BDF5-53FC97D9469D}.Ad-Hoc|iPhoneSimulator.Deploy.0 = Ad-Hoc|iPhoneSimulator
		{D5552432-EADC-4810-BDF5-53FC97D9469D}.AppStore|Any CPU.ActiveCfg = AppStore|iPhone
		{D5552432-EADC-4810-BDF5-53FC97D9469D}.AppStore|Any CPU.Build.0 = AppStore|iPhone
		{D5552432-EADC-4810-BDF5-53FC97D9469D}.AppStore|Any CPU.Deploy.0 = AppStore|iPhone
		{D5552432-EADC-4810-BDF5-53FC97D9469D}.AppStore|iPhone.ActiveCfg = AppStore|iPhone
		{D5552432-EADC-4810-BDF5-53FC97D9469D}.AppStore|iPhone.Build.0 = AppStore|iPhone
		{D5552432-EADC-4810-BDF5-53FC97D9469D}.AppStore|iPhone.Deploy.0 = AppStore|iPhone
		{D5552432-EADC-4810-BDF5-53FC97D9469D}.AppStore|iPhoneSimulator.ActiveCfg = AppStore|iPhoneSimulator
		{D5552432-EADC-4810-BDF5-53FC97D9469D}.AppStore|iPhoneSimulator.Build.0 = AppStore|iPhoneSimulator
		{D5552432-EADC-4810-BDF5-53FC97D9469D}.AppStore|iPhoneSimulator.Deploy.0 = AppStore|iPhoneSimulator
		{D5552432-EADC-4810-BDF5-53FC97D9469D}.Debug|Any CPU.ActiveCfg = Debug|iPhoneSimulator
		{D5552432-EADC-4810-BDF5-53FC97D9469D}.Debug|Any CPU.Build.0 = Debug|iPhoneSimulator
		{D5552432-EADC-4810-BDF5-53FC97D9469D}.Debug|Any CPU.Deploy.0 = Debug|iPhoneSimulator
		{D5552432-EADC-4810-BDF5-53FC97D9469D}.Debug|iPhone.ActiveCfg = Debug|iPhone
		{D5552432-EADC-4810-BDF5-53FC97D9469D}.Debug|iPhone.Build.0 = Debug|iPhone
		{D5552432-EADC-4810-BDF5-53FC97D9469D}.Debug|iPhone.Deploy.0 = Debug|iPhone
		{D5552432-EADC-4810-BDF5-53FC97D9469D}.Debug|iPhoneSimulator.ActiveCfg = Debug|iPhoneSimulator
		{D5552432-EADC-4810-BDF5-53FC97D9469D}.Debug|iPhoneSimulator.Build.0 = Debug|iPhoneSimulator
		{D5552432-EADC-4810-BDF5-53FC97D9469D}.Debug|iPhoneSimulator.Deploy.0 = Debug|iPhoneSimulator
		{D5552432-EADC-4810-BDF5-53FC97D9469D}.Release|Any CPU.ActiveCfg = Release|iPhone
		{D5552432-EADC-4810-BDF5-53FC97D9469D}.Release|Any CPU.Build.0 = Release|iPhone
		{D5552432-EADC-4810-BDF5-53FC97D9469D}.Release|Any CPU.Deploy.0 = Release|iPhone
		{D5552432-EADC-4810-BDF5-53FC97D9469D}.Release|iPhone.ActiveCfg = Release|iPhone
		{D5552432-EADC-4810-BDF5-53FC97D9469D}.Release|iPhone.Build.0 = Release|iPhone
		{D5552432-EADC-4810-BDF5-53FC97D9469D}.Release|iPhone.Deploy.0 = Release|iPhone
		{D5552432-EADC-4810-BDF5-53FC97D9469D}.Release|iPhoneSimulator.ActiveCfg = Release|iPhoneSimulator
		{D5552432-EADC-4810-BDF5-53FC97D9469D}.Release|iPhoneSimulator.Build.0 = Release|iPhoneSimulator
		{D5552432-EADC-4810-BDF5-53FC97D9469D}.Release|iPhoneSimulator.Deploy.0 = Release|iPhoneSimulator
		{E5ECDEC0-5723-40CD-9601-A61C684DE5CF}.Ad-Hoc|Any CPU.ActiveCfg = Debug|Any CPU
		{E5ECDEC0-5723-40CD-9601-A61C684DE5CF}.Ad-Hoc|Any CPU.Build.0 = Debug|Any CPU
		{E5ECDEC0-5723-40CD-9601-A61C684DE5CF}.Ad-Hoc|Any CPU.Deploy.0 = Debug|Any CPU
		{E5ECDEC0-5723-40CD-9601-A61C684DE5CF}.Ad-Hoc|iPhone.ActiveCfg = Debug|Any CPU
		{E5ECDEC0-5723-40CD-9601-A61C684DE5CF}.Ad-Hoc|iPhone.Build.0 = Debug|Any CPU
		{E5ECDEC0-5723-40CD-9601-A61C684DE5CF}.Ad-Hoc|iPhone.Deploy.0 = Debug|Any CPU
		{E5ECDEC0-5723-40CD-9601-A61C684DE5CF}.Ad-Hoc|iPhoneSimulator.ActiveCfg = Debug|Any CPU
		{E5ECDEC0-5723-40CD-9601-A61C684DE5CF}.Ad-Hoc|iPhoneSimulator.Build.0 = Debug|Any CPU
		{E5ECDEC0-5723-40CD-9601-A61C684DE5CF}.Ad-Hoc|iPhoneSimulator.Deploy.0 = Debug|Any CPU
		{E5ECDEC0-5723-40CD-9601-A61C684DE5CF}.AppStore|Any CPU.ActiveCfg = Debug|Any CPU
		{E5ECDEC0-5723-40CD-9601-A61C684DE5CF}.AppStore|Any CPU.Build.0 = Debug|Any CPU
		{E5ECDEC0-5723-40CD-9601-A61C684DE5CF}.AppStore|Any CPU.Deploy.0 = Debug|Any CPU
		{E5ECDEC0-5723-40CD-9601-A61C684DE5CF}.AppStore|iPhone.ActiveCfg = Debug|Any CPU
		{E5ECDEC0-5723-40CD-9601-A61C684DE5CF}.AppStore|iPhone.Build.0 = Debug|Any CPU
		{E5ECDEC0-5723-40CD-9601-A61C684DE5CF}.AppStore|iPhone.Deploy.0 = Debug|Any CPU
		{E5ECDEC0-5723-40CD-9601-A61C684DE5CF}.AppStore|iPhoneSimulator.ActiveCfg = Debug|Any CPU
		{E5ECDEC0-5723-40CD-9601-A61C684DE5CF}.AppStore|iPhoneSimulator.Build.0 = Debug|Any CPU
		{E5ECDEC0-5723-40CD-9601-A61C684DE5CF}.AppStore|iPhoneSimulator.Deploy.0 = Debug|Any CPU
		{E5ECDEC0-5723-40CD-9601-A61C684DE5CF}.Debug|Any CPU.ActiveCfg = Debug|Any CPU
		{E5ECDEC0-5723-40CD-9601-A61C684DE5CF}.Debug|Any CPU.Build.0 = Debug|Any CPU
		{E5ECDEC0-5723-40CD-9601-A61C684DE5CF}.Debug|Any CPU.Deploy.0 = Debug|Any CPU
		{E5ECDEC0-5723-40CD-9601-A61C684DE5CF}.Debug|iPhone.ActiveCfg = Debug|Any CPU
		{E5ECDEC0-5723-40CD-9601-A61C684DE5CF}.Debug|iPhone.Build.0 = Debug|Any CPU
		{E5ECDEC0-5723-40CD-9601-A61C684DE5CF}.Debug|iPhone.Deploy.0 = Debug|Any CPU
		{E5ECDEC0-5723-40CD-9601-A61C684DE5CF}.Debug|iPhoneSimulator.ActiveCfg = Debug|Any CPU
		{E5ECDEC0-5723-40CD-9601-A61C684DE5CF}.Debug|iPhoneSimulator.Build.0 = Debug|Any CPU
		{E5ECDEC0-5723-40CD-9601-A61C684DE5CF}.Debug|iPhoneSimulator.Deploy.0 = Debug|Any CPU
		{E5ECDEC0-5723-40CD-9601-A61C684DE5CF}.Release|Any CPU.ActiveCfg = Release|Any CPU
		{E5ECDEC0-5723-40CD-9601-A61C684DE5CF}.Release|Any CPU.Build.0 = Release|Any CPU
		{E5ECDEC0-5723-40CD-9601-A61C684DE5CF}.Release|Any CPU.Deploy.0 = Release|Any CPU
		{E5ECDEC0-5723-40CD-9601-A61C684DE5CF}.Release|iPhone.ActiveCfg = Release|Any CPU
		{E5ECDEC0-5723-40CD-9601-A61C684DE5CF}.Release|iPhone.Build.0 = Release|Any CPU
		{E5ECDEC0-5723-40CD-9601-A61C684DE5CF}.Release|iPhone.Deploy.0 = Release|Any CPU
		{E5ECDEC0-5723-40CD-9601-A61C684DE5CF}.Release|iPhoneSimulator.ActiveCfg = Release|Any CPU
		{E5ECDEC0-5723-40CD-9601-A61C684DE5CF}.Release|iPhoneSimulator.Build.0 = Release|Any CPU
		{E5ECDEC0-5723-40CD-9601-A61C684DE5CF}.Release|iPhoneSimulator.Deploy.0 = Release|Any CPU
		{71C0EDA9-925D-4BFF-AF2A-B07D889B0305}.Ad-Hoc|Any CPU.ActiveCfg = Release|Any CPU
		{71C0EDA9-925D-4BFF-AF2A-B07D889B0305}.Ad-Hoc|Any CPU.Build.0 = Release|Any CPU
		{71C0EDA9-925D-4BFF-AF2A-B07D889B0305}.Ad-Hoc|iPhone.ActiveCfg = Release|Any CPU
		{71C0EDA9-925D-4BFF-AF2A-B07D889B0305}.Ad-Hoc|iPhone.Build.0 = Release|Any CPU
		{71C0EDA9-925D-4BFF-AF2A-B07D889B0305}.Ad-Hoc|iPhoneSimulator.ActiveCfg = Release|Any CPU
		{71C0EDA9-925D-4BFF-AF2A-B07D889B0305}.Ad-Hoc|iPhoneSimulator.Build.0 = Release|Any CPU
		{71C0EDA9-925D-4BFF-AF2A-B07D889B0305}.AppStore|Any CPU.ActiveCfg = Release|Any CPU
		{71C0EDA9-925D-4BFF-AF2A-B07D889B0305}.AppStore|Any CPU.Build.0 = Release|Any CPU
		{71C0EDA9-925D-4BFF-AF2A-B07D889B0305}.AppStore|iPhone.ActiveCfg = Release|Any CPU
		{71C0EDA9-925D-4BFF-AF2A-B07D889B0305}.AppStore|iPhone.Build.0 = Release|Any CPU
		{71C0EDA9-925D-4BFF-AF2A-B07D889B0305}.AppStore|iPhoneSimulator.ActiveCfg = Release|Any CPU
		{71C0EDA9-925D-4BFF-AF2A-B07D889B0305}.AppStore|iPhoneSimulator.Build.0 = Release|Any CPU
		{71C0EDA9-925D-4BFF-AF2A-B07D889B0305}.Debug|Any CPU.ActiveCfg = Debug|Any CPU
		{71C0EDA9-925D-4BFF-AF2A-B07D889B0305}.Debug|Any CPU.Build.0 = Debug|Any CPU
		{71C0EDA9-925D-4BFF-AF2A-B07D889B0305}.Debug|iPhone.ActiveCfg = Debug|Any CPU
		{71C0EDA9-925D-4BFF-AF2A-B07D889B0305}.Debug|iPhone.Build.0 = Debug|Any CPU
		{71C0EDA9-925D-4BFF-AF2A-B07D889B0305}.Debug|iPhoneSimulator.ActiveCfg = Debug|Any CPU
		{71C0EDA9-925D-4BFF-AF2A-B07D889B0305}.Debug|iPhoneSimulator.Build.0 = Debug|Any CPU
		{71C0EDA9-925D-4BFF-AF2A-B07D889B0305}.Release|Any CPU.ActiveCfg = Release|Any CPU
		{71C0EDA9-925D-4BFF-AF2A-B07D889B0305}.Release|Any CPU.Build.0 = Release|Any CPU
		{71C0EDA9-925D-4BFF-AF2A-B07D889B0305}.Release|iPhone.ActiveCfg = Release|Any CPU
		{71C0EDA9-925D-4BFF-AF2A-B07D889B0305}.Release|iPhone.Build.0 = Release|Any CPU
		{71C0EDA9-925D-4BFF-AF2A-B07D889B0305}.Release|iPhoneSimulator.ActiveCfg = Release|Any CPU
		{71C0EDA9-925D-4BFF-AF2A-B07D889B0305}.Release|iPhoneSimulator.Build.0 = Release|Any CPU
		{0DBD983F-BD8F-4BD6-B08A-AD28457D35EF}.Ad-Hoc|Any CPU.ActiveCfg = Release|Any CPU
		{0DBD983F-BD8F-4BD6-B08A-AD28457D35EF}.Ad-Hoc|Any CPU.Build.0 = Release|Any CPU
		{0DBD983F-BD8F-4BD6-B08A-AD28457D35EF}.Ad-Hoc|iPhone.ActiveCfg = Release|Any CPU
		{0DBD983F-BD8F-4BD6-B08A-AD28457D35EF}.Ad-Hoc|iPhone.Build.0 = Release|Any CPU
		{0DBD983F-BD8F-4BD6-B08A-AD28457D35EF}.Ad-Hoc|iPhoneSimulator.ActiveCfg = Release|Any CPU
		{0DBD983F-BD8F-4BD6-B08A-AD28457D35EF}.Ad-Hoc|iPhoneSimulator.Build.0 = Release|Any CPU
		{0DBD983F-BD8F-4BD6-B08A-AD28457D35EF}.AppStore|Any CPU.ActiveCfg = Release|Any CPU
		{0DBD983F-BD8F-4BD6-B08A-AD28457D35EF}.AppStore|Any CPU.Build.0 = Release|Any CPU
		{0DBD983F-BD8F-4BD6-B08A-AD28457D35EF}.AppStore|iPhone.ActiveCfg = Release|Any CPU
		{0DBD983F-BD8F-4BD6-B08A-AD28457D35EF}.AppStore|iPhone.Build.0 = Release|Any CPU
		{0DBD983F-BD8F-4BD6-B08A-AD28457D35EF}.AppStore|iPhoneSimulator.ActiveCfg = Release|Any CPU
		{0DBD983F-BD8F-4BD6-B08A-AD28457D35EF}.AppStore|iPhoneSimulator.Build.0 = Release|Any CPU
		{0DBD983F-BD8F-4BD6-B08A-AD28457D35EF}.Debug|Any CPU.ActiveCfg = Debug|Any CPU
		{0DBD983F-BD8F-4BD6-B08A-AD28457D35EF}.Debug|Any CPU.Build.0 = Debug|Any CPU
		{0DBD983F-BD8F-4BD6-B08A-AD28457D35EF}.Debug|iPhone.ActiveCfg = Debug|Any CPU
		{0DBD983F-BD8F-4BD6-B08A-AD28457D35EF}.Debug|iPhone.Build.0 = Debug|Any CPU
		{0DBD983F-BD8F-4BD6-B08A-AD28457D35EF}.Debug|iPhoneSimulator.ActiveCfg = Debug|Any CPU
		{0DBD983F-BD8F-4BD6-B08A-AD28457D35EF}.Debug|iPhoneSimulator.Build.0 = Debug|Any CPU
		{0DBD983F-BD8F-4BD6-B08A-AD28457D35EF}.Release|Any CPU.ActiveCfg = Release|Any CPU
		{0DBD983F-BD8F-4BD6-B08A-AD28457D35EF}.Release|Any CPU.Build.0 = Release|Any CPU
		{0DBD983F-BD8F-4BD6-B08A-AD28457D35EF}.Release|iPhone.ActiveCfg = Release|Any CPU
		{0DBD983F-BD8F-4BD6-B08A-AD28457D35EF}.Release|iPhone.Build.0 = Release|Any CPU
		{0DBD983F-BD8F-4BD6-B08A-AD28457D35EF}.Release|iPhoneSimulator.ActiveCfg = Release|Any CPU
		{0DBD983F-BD8F-4BD6-B08A-AD28457D35EF}.Release|iPhoneSimulator.Build.0 = Release|Any CPU
		{1CAA9EF7-676F-464C-B8C9-337CC684FE8C}.Ad-Hoc|Any CPU.ActiveCfg = Debug|Any CPU
		{1CAA9EF7-676F-464C-B8C9-337CC684FE8C}.Ad-Hoc|Any CPU.Build.0 = Debug|Any CPU
		{1CAA9EF7-676F-464C-B8C9-337CC684FE8C}.Ad-Hoc|iPhone.ActiveCfg = Debug|Any CPU
		{1CAA9EF7-676F-464C-B8C9-337CC684FE8C}.Ad-Hoc|iPhone.Build.0 = Debug|Any CPU
		{1CAA9EF7-676F-464C-B8C9-337CC684FE8C}.Ad-Hoc|iPhoneSimulator.ActiveCfg = Debug|Any CPU
		{1CAA9EF7-676F-464C-B8C9-337CC684FE8C}.Ad-Hoc|iPhoneSimulator.Build.0 = Debug|Any CPU
		{1CAA9EF7-676F-464C-B8C9-337CC684FE8C}.AppStore|Any CPU.ActiveCfg = Debug|Any CPU
		{1CAA9EF7-676F-464C-B8C9-337CC684FE8C}.AppStore|Any CPU.Build.0 = Debug|Any CPU
		{1CAA9EF7-676F-464C-B8C9-337CC684FE8C}.AppStore|iPhone.ActiveCfg = Debug|Any CPU
		{1CAA9EF7-676F-464C-B8C9-337CC684FE8C}.AppStore|iPhone.Build.0 = Debug|Any CPU
		{1CAA9EF7-676F-464C-B8C9-337CC684FE8C}.AppStore|iPhoneSimulator.ActiveCfg = Debug|Any CPU
		{1CAA9EF7-676F-464C-B8C9-337CC684FE8C}.AppStore|iPhoneSimulator.Build.0 = Debug|Any CPU
		{1CAA9EF7-676F-464C-B8C9-337CC684FE8C}.Debug|Any CPU.ActiveCfg = Debug|Any CPU
		{1CAA9EF7-676F-464C-B8C9-337CC684FE8C}.Debug|Any CPU.Build.0 = Debug|Any CPU
		{1CAA9EF7-676F-464C-B8C9-337CC684FE8C}.Debug|iPhone.ActiveCfg = Debug|Any CPU
		{1CAA9EF7-676F-464C-B8C9-337CC684FE8C}.Debug|iPhone.Build.0 = Debug|Any CPU
		{1CAA9EF7-676F-464C-B8C9-337CC684FE8C}.Debug|iPhoneSimulator.ActiveCfg = Debug|Any CPU
		{1CAA9EF7-676F-464C-B8C9-337CC684FE8C}.Debug|iPhoneSimulator.Build.0 = Debug|Any CPU
		{1CAA9EF7-676F-464C-B8C9-337CC684FE8C}.Release|Any CPU.ActiveCfg = Release|Any CPU
		{1CAA9EF7-676F-464C-B8C9-337CC684FE8C}.Release|Any CPU.Build.0 = Release|Any CPU
		{1CAA9EF7-676F-464C-B8C9-337CC684FE8C}.Release|iPhone.ActiveCfg = Release|Any CPU
		{1CAA9EF7-676F-464C-B8C9-337CC684FE8C}.Release|iPhone.Build.0 = Release|Any CPU
		{1CAA9EF7-676F-464C-B8C9-337CC684FE8C}.Release|iPhoneSimulator.ActiveCfg = Release|Any CPU
		{1CAA9EF7-676F-464C-B8C9-337CC684FE8C}.Release|iPhoneSimulator.Build.0 = Release|Any CPU
		{45E5828D-7EB0-4244-84B6-3A2748ABA5C6}.Ad-Hoc|Any CPU.ActiveCfg = Release|Any CPU
		{45E5828D-7EB0-4244-84B6-3A2748ABA5C6}.Ad-Hoc|Any CPU.Build.0 = Release|Any CPU
		{45E5828D-7EB0-4244-84B6-3A2748ABA5C6}.Ad-Hoc|iPhone.ActiveCfg = Release|Any CPU
		{45E5828D-7EB0-4244-84B6-3A2748ABA5C6}.Ad-Hoc|iPhone.Build.0 = Release|Any CPU
		{45E5828D-7EB0-4244-84B6-3A2748ABA5C6}.Ad-Hoc|iPhoneSimulator.ActiveCfg = Release|Any CPU
		{45E5828D-7EB0-4244-84B6-3A2748ABA5C6}.Ad-Hoc|iPhoneSimulator.Build.0 = Release|Any CPU
		{45E5828D-7EB0-4244-84B6-3A2748ABA5C6}.AppStore|Any CPU.ActiveCfg = Release|Any CPU
		{45E5828D-7EB0-4244-84B6-3A2748ABA5C6}.AppStore|Any CPU.Build.0 = Release|Any CPU
		{45E5828D-7EB0-4244-84B6-3A2748ABA5C6}.AppStore|iPhone.ActiveCfg = Release|Any CPU
		{45E5828D-7EB0-4244-84B6-3A2748ABA5C6}.AppStore|iPhone.Build.0 = Release|Any CPU
		{45E5828D-7EB0-4244-84B6-3A2748ABA5C6}.AppStore|iPhoneSimulator.ActiveCfg = Release|Any CPU
		{45E5828D-7EB0-4244-84B6-3A2748ABA5C6}.AppStore|iPhoneSimulator.Build.0 = Release|Any CPU
		{45E5828D-7EB0-4244-84B6-3A2748ABA5C6}.Debug|Any CPU.ActiveCfg = Debug|Any CPU
		{45E5828D-7EB0-4244-84B6-3A2748ABA5C6}.Debug|Any CPU.Build.0 = Debug|Any CPU
		{45E5828D-7EB0-4244-84B6-3A2748ABA5C6}.Debug|iPhone.ActiveCfg = Debug|Any CPU
		{45E5828D-7EB0-4244-84B6-3A2748ABA5C6}.Debug|iPhone.Build.0 = Debug|Any CPU
		{45E5828D-7EB0-4244-84B6-3A2748ABA5C6}.Debug|iPhoneSimulator.ActiveCfg = Debug|Any CPU
		{45E5828D-7EB0-4244-84B6-3A2748ABA5C6}.Debug|iPhoneSimulator.Build.0 = Debug|Any CPU
		{45E5828D-7EB0-4244-84B6-3A2748ABA5C6}.Release|Any CPU.ActiveCfg = Release|Any CPU
		{45E5828D-7EB0-4244-84B6-3A2748ABA5C6}.Release|Any CPU.Build.0 = Release|Any CPU
		{45E5828D-7EB0-4244-84B6-3A2748ABA5C6}.Release|iPhone.ActiveCfg = Release|Any CPU
		{45E5828D-7EB0-4244-84B6-3A2748ABA5C6}.Release|iPhone.Build.0 = Release|Any CPU
		{45E5828D-7EB0-4244-84B6-3A2748ABA5C6}.Release|iPhoneSimulator.ActiveCfg = Release|Any CPU
		{45E5828D-7EB0-4244-84B6-3A2748ABA5C6}.Release|iPhoneSimulator.Build.0 = Release|Any CPU
	EndGlobalSection
	GlobalSection(SolutionProperties) = preSolution
		HideSolutionNode = FALSE
	EndGlobalSection
	GlobalSection(NestedProjects) = preSolution
		{71C0EDA9-925D-4BFF-AF2A-B07D889B0305} = {4AA5AD8E-F333-4336-BC5F-135712FB816B}
		{0DBD983F-BD8F-4BD6-B08A-AD28457D35EF} = {4AA5AD8E-F333-4336-BC5F-135712FB816B}
		{1CAA9EF7-676F-464C-B8C9-337CC684FE8C} = {4AA5AD8E-F333-4336-BC5F-135712FB816B}
		{45E5828D-7EB0-4244-84B6-3A2748ABA5C6} = {4AA5AD8E-F333-4336-BC5F-135712FB816B}
	EndGlobalSection
	GlobalSection(ExtensibilityGlobals) = postSolution
		SolutionGuid = {32951B95-5A19-48FE-9649-32B290B7CE94}
	EndGlobalSection
EndGlobal
